
Microsoft Visual Studio Solution File, Format Version 12.00
# Visual Studio 15
VisualStudioVersion = 15.0.28307.757
MinimumVisualStudioVersion = 10.0.40219.1
Project("{9A19103F-16F7-4668-BE54-9A1E7A4F7556}") = "metier", "metier\metier.csproj", "{DD75B8A2-52CA-48B9-ABC8-A076EDF35B14}"
EndProject
Project("{FAE04EC0-301F-11D3-BF4B-00C04F79EFBC}") = "test", "test\test.csproj", "{FE51509D-3461-4BF0-BD32-6D0977F4181C}"
EndProject
Project("{FAE04EC0-301F-11D3-BF4B-00C04F79EFBC}") = "IHM", "IHM\IHM.csproj", "{F89CD3FC-9395-4A3D-8091-D03CC2BA8722}"
EndProject
Global
	GlobalSection(SolutionConfigurationPlatforms) = preSolution
		Debug|Any CPU = Debug|Any CPU
		Release|Any CPU = Release|Any CPU
	EndGlobalSection
	GlobalSection(ProjectConfigurationPlatforms) = postSolution
		{DD75B8A2-52CA-48B9-ABC8-A076EDF35B14}.Debug|Any CPU.ActiveCfg = Debug|Any CPU
		{DD75B8A2-52CA-48B9-ABC8-A076EDF35B14}.Debug|Any CPU.Build.0 = Debug|Any CPU
		{DD75B8A2-52CA-48B9-ABC8-A076EDF35B14}.Release|Any CPU.ActiveCfg = Release|Any CPU
		{DD75B8A2-52CA-48B9-ABC8-A076EDF35B14}.Release|Any CPU.Build.0 = Release|Any CPU
		{FE51509D-3461-4BF0-BD32-6D0977F4181C}.Debug|Any CPU.ActiveCfg = Debug|Any CPU
		{FE51509D-3461-4BF0-BD32-6D0977F4181C}.Debug|Any CPU.Build.0 = Debug|Any CPU
		{FE51509D-3461-4BF0-BD32-6D0977F4181C}.Release|Any CPU.ActiveCfg = Release|Any CPU
		{FE51509D-3461-4BF0-BD32-6D0977F4181C}.Release|Any CPU.Build.0 = Release|Any CPU
		{F89CD3FC-9395-4A3D-8091-D03CC2BA8722}.Debug|Any CPU.ActiveCfg = Debug|Any CPU
		{F89CD3FC-9395-4A3D-8091-D03CC2BA8722}.Debug|Any CPU.Build.0 = Debug|Any CPU
		{F89CD3FC-9395-4A3D-8091-D03CC2BA8722}.Release|Any CPU.ActiveCfg = Release|Any CPU
		{F89CD3FC-9395-4A3D-8091-D03CC2BA8722}.Release|Any CPU.Build.0 = Release|Any CPU
	EndGlobalSection
	GlobalSection(SolutionProperties) = preSolution
		HideSolutionNode = FALSE
	EndGlobalSection
	GlobalSection(ExtensibilityGlobals) = postSolution
		SolutionGuid = {0BF0A8E4-9232-4AD3-BECD-F58ED0FBABDD}
	EndGlobalSection
EndGlobal
